// !$*UTF8*$!
{
	archiveVersion = 1;
	classes = {
	};
	objectVersion = 46;
	objects = {

/* Begin PBXBuildFile section */
		276B88101C8C06A100F0B1FD /* AppDelegate.swift in Sources */ = {isa = PBXBuildFile; fileRef = 276B880F1C8C06A100F0B1FD /* AppDelegate.swift */; };
		276B88121C8C06A100F0B1FD /* ViewController.swift in Sources */ = {isa = PBXBuildFile; fileRef = 276B88111C8C06A100F0B1FD /* ViewController.swift */; };
		276B88151C8C06A100F0B1FD /* Main.storyboard in Resources */ = {isa = PBXBuildFile; fileRef = 276B88131C8C06A100F0B1FD /* Main.storyboard */; };
		276B88171C8C06A100F0B1FD /* Assets.xcassets in Resources */ = {isa = PBXBuildFile; fileRef = 276B88161C8C06A100F0B1FD /* Assets.xcassets */; };
		276B881A1C8C06A100F0B1FD /* LaunchScreen.storyboard in Resources */ = {isa = PBXBuildFile; fileRef = 276B88181C8C06A100F0B1FD /* LaunchScreen.storyboard */; };
		276B88221C8CDBF100F0B1FD /* DragImg.swift in Sources */ = {isa = PBXBuildFile; fileRef = 276B88211C8CDBF100F0B1FD /* DragImg.swift */; };
		276B88241C8CFEEE00F0B1FD /* monsterImg.swift in Sources */ = {isa = PBXBuildFile; fileRef = 276B88231C8CFEEE00F0B1FD /* monsterImg.swift */; };
		276B882A1C8D453E00F0B1FD /* bite.wav in Resources */ = {isa = PBXBuildFile; fileRef = 276B88251C8D453E00F0B1FD /* bite.wav */; };
		276B882B1C8D453E00F0B1FD /* cave-music.mp3 in Resources */ = {isa = PBXBuildFile; fileRef = 276B88261C8D453E00F0B1FD /* cave-music.mp3 */; };
		276B882C1C8D453E00F0B1FD /* death.wav in Resources */ = {isa = PBXBuildFile; fileRef = 276B88271C8D453E00F0B1FD /* death.wav */; };
		276B882D1C8D453E00F0B1FD /* heart.wav in Resources */ = {isa = PBXBuildFile; fileRef = 276B88281C8D453E00F0B1FD /* heart.wav */; };
		276B882E1C8D453E00F0B1FD /* skull.wav in Resources */ = {isa = PBXBuildFile; fileRef = 276B88291C8D453E00F0B1FD /* skull.wav */; };
/* End PBXBuildFile section */

/* Begin PBXFileReference section */
		276B880C1C8C06A100F0B1FD /* LittleMonsters.app */ = {isa = PBXFileReference; explicitFileType = wrapper.application; includeInIndex = 0; path = LittleMonsters.app; sourceTree = BUILT_PRODUCTS_DIR; };
		276B880F1C8C06A100F0B1FD /* AppDelegate.swift */ = {isa = PBXFileReference; lastKnownFileType = sourcecode.swift; path = AppDelegate.swift; sourceTree = "<group>"; };
		276B88111C8C06A100F0B1FD /* ViewController.swift */ = {isa = PBXFileReference; lastKnownFileType = sourcecode.swift; path = ViewController.swift; sourceTree = "<group>"; };
		276B88141C8C06A100F0B1FD /* Base */ = {isa = PBXFileReference; lastKnownFileType = file.storyboard; name = Base; path = Base.lproj/Main.storyboard; sourceTree = "<group>"; };
		276B88161C8C06A100F0B1FD /* Assets.xcassets */ = {isa = PBXFileReference; lastKnownFileType = folder.assetcatalog; path = Assets.xcassets; sourceTree = "<group>"; };
		276B88191C8C06A100F0B1FD /* Base */ = {isa = PBXFileReference; lastKnownFileType = file.storyboard; name = Base; path = Base.lproj/LaunchScreen.storyboard; sourceTree = "<group>"; };
		276B881B1C8C06A100F0B1FD /* Info.plist */ = {isa = PBXFileReference; lastKnownFileType = text.plist.xml; path = Info.plist; sourceTree = "<group>"; };
		276B88211C8CDBF100F0B1FD /* DragImg.swift */ = {isa = PBXFileReference; fileEncoding = 4; lastKnownFileType = sourcecode.swift; path = DragImg.swift; sourceTree = "<group>"; };
		276B88231C8CFEEE00F0B1FD /* monsterImg.swift */ = {isa = PBXFileReference; fileEncoding = 4; lastKnownFileType = sourcecode.swift; path = monsterImg.swift; sourceTree = "<group>"; };
		276B88251C8D453E00F0B1FD /* bite.wav */ = {isa = PBXFileReference; lastKnownFileType = audio.wav; path = bite.wav; sourceTree = "<group>"; };
		276B88261C8D453E00F0B1FD /* cave-music.mp3 */ = {isa = PBXFileReference; lastKnownFileType = audio.mp3; path = "cave-music.mp3"; sourceTree = "<group>"; };
		276B88271C8D453E00F0B1FD /* death.wav */ = {isa = PBXFileReference; lastKnownFileType = audio.wav; path = death.wav; sourceTree = "<group>"; };
		276B88281C8D453E00F0B1FD /* heart.wav */ = {isa = PBXFileReference; lastKnownFileType = audio.wav; path = heart.wav; sourceTree = "<group>"; };
		276B88291C8D453E00F0B1FD /* skull.wav */ = {isa = PBXFileReference; lastKnownFileType = audio.wav; path = skull.wav; sourceTree = "<group>"; };
/* End PBXFileReference section */

/* Begin PBXFrameworksBuildPhase section */
		276B88091C8C06A100F0B1FD /* Frameworks */ = {
			isa = PBXFrameworksBuildPhase;
			buildActionMask = 2147483647;
			files = (
			);
			runOnlyForDeploymentPostprocessing = 0;
		};
/* End PBXFrameworksBuildPhase section */

/* Begin PBXGroup section */
		276B88031C8C06A100F0B1FD = {
			isa = PBXGroup;
			children = (
				276B880E1C8C06A100F0B1FD /* LittleMonsters */,
				276B880D1C8C06A100F0B1FD /* Products */,
			);
			sourceTree = "<group>";
		};
		276B880D1C8C06A100F0B1FD /* Products */ = {
			isa = PBXGroup;
			children = (
				276B880C1C8C06A100F0B1FD /* LittleMonsters.app */,
			);
			name = Products;
			sourceTree = "<group>";
		};
		276B880E1C8C06A100F0B1FD /* LittleMonsters */ = {
			isa = PBXGroup;
			children = (
				276B880F1C8C06A100F0B1FD /* AppDelegate.swift */,
				276B88111C8C06A100F0B1FD /* ViewController.swift */,
				276B88131C8C06A100F0B1FD /* Main.storyboard */,
				276B88161C8C06A100F0B1FD /* Assets.xcassets */,
				276B88181C8C06A100F0B1FD /* LaunchScreen.storyboard */,
				276B881B1C8C06A100F0B1FD /* Info.plist */,
				276B88211C8CDBF100F0B1FD /* DragImg.swift */,
				276B88251C8D453E00F0B1FD /* bite.wav */,
				276B88261C8D453E00F0B1FD /* cave-music.mp3 */,
				276B88271C8D453E00F0B1FD /* death.wav */,
				276B88281C8D453E00F0B1FD /* heart.wav */,
				276B88291C8D453E00F0B1FD /* skull.wav */,
				276B88231C8CFEEE00F0B1FD /* monsterImg.swift */,
			);
			path = LittleMonsters;
			sourceTree = "<group>";
		};
/* End PBXGroup section */

/* Begin PBXNativeTarget section */
		276B880B1C8C06A100F0B1FD /* LittleMonsters */ = {
			isa = PBXNativeTarget;
			buildConfigurationList = 276B881E1C8C06A100F0B1FD /* Build configuration list for PBXNativeTarget "LittleMonsters" */;
			buildPhases = (
				276B88081C8C06A100F0B1FD /* Sources */,
				276B88091C8C06A100F0B1FD /* Frameworks */,
				276B880A1C8C06A100F0B1FD /* Resources */,
			);
			buildRules = (
			);
			dependencies = (
			);
			name = LittleMonsters;
			productName = LittleMonsters;
			productReference = 276B880C1C8C06A100F0B1FD /* LittleMonsters.app */;
			productType = "com.apple.product-type.application";
		};
/* End PBXNativeTarget section */

/* Begin PBXProject section */
		276B88041C8C06A100F0B1FD /* Project object */ = {
			isa = PBXProject;
			attributes = {
				LastSwiftUpdateCheck = 0720;
				LastUpgradeCheck = 0720;
				ORGANIZATIONNAME = Otto;
				TargetAttributes = {
					276B880B1C8C06A100F0B1FD = {
						CreatedOnToolsVersion = 7.2.1;
						DevelopmentTeam = UF4JKDCULU;
					};
				};
			};
			buildConfigurationList = 276B88071C8C06A100F0B1FD /* Build configuration list for PBXProject "LittleMonsters" */;
			compatibilityVersion = "Xcode 3.2";
			developmentRegion = English;
			hasScannedForEncodings = 0;
			knownRegions = (
				en,
				Base,
			);
			mainGroup = 276B88031C8C06A100F0B1FD;
			productRefGroup = 276B880D1C8C06A100F0B1FD /* Products */;
			projectDirPath = "";
			projectRoot = "";
			targets = (
				276B880B1C8C06A100F0B1FD /* LittleMonsters */,
			);
		};
/* End PBXProject section */

/* Begin PBXResourcesBuildPhase section */
		276B880A1C8C06A100F0B1FD /* Resources */ = {
			isa = PBXResourcesBuildPhase;
			buildActionMask = 2147483647;
			files = (
				276B882E1C8D453E00F0B1FD /* skull.wav in Resources */,
				276B882A1C8D453E00F0B1FD /* bite.wav in Resources */,
				276B882C1C8D453E00F0B1FD /* death.wav in Resources */,
				276B882D1C8D453E00F0B1FD /* heart.wav in Resources */,
				276B882B1C8D453E00F0B1FD /* cave-music.mp3 in Resources */,
				276B881A1C8C06A100F0B1FD /* LaunchScreen.storyboard in Resources */,
				276B88171C8C06A100F0B1FD /* Assets.xcassets in Resources */,
				276B88151C8C06A100F0B1FD /* Main.storyboard in Resources */,
			);
			runOnlyForDeploymentPostprocessing = 0;
		};
/* End PBXResourcesBuildPhase section */

/* Begin PBXSourcesBuildPhase section */
		276B88081C8C06A100F0B1FD /* Sources */ = {
			isa = PBXSourcesBuildPhase;
			buildActionMask = 2147483647;
			files = (
				276B88241C8CFEEE00F0B1FD /* monsterImg.swift in Sources */,
				276B88221C8CDBF100F0B1FD /* DragImg.swift in Sources */,
				276B88121C8C06A100F0B1FD /* ViewController.swift in Sources */,
				276B88101C8C06A100F0B1FD /* AppDelegate.swift in Sources */,
			);
			runOnlyForDeploymentPostprocessing = 0;
		};
/* End PBXSourcesBuildPhase section */

/* Begin PBXVariantGroup section */
		276B88131C8C06A100F0B1FD /* Main.storyboard */ = {
			isa = PBXVariantGroup;
			children = (
				276B88141C8C06A100F0B1FD /* Base */,
			);
			name = Main.storyboard;
			sourceTree = "<group>";
		};
		276B88181C8C06A100F0B1FD /* LaunchScreen.storyboard */ = {
			isa = PBXVariantGroup;
			children = (
				276B88191C8C06A100F0B1FD /* Base */,
			);
			name = LaunchScreen.storyboard;
			sourceTree = "<group>";
		};
/* End PBXVariantGroup section */

/* Begin XCBuildConfiguration section */
		276B881C1C8C06A100F0B1FD /* Debug */ = {
			isa = XCBuildConfiguration;
			buildSettings = {
				ALWAYS_SEARCH_USER_PATHS = NO;
				CLANG_CXX_LANGUAGE_STANDARD = "gnu++0x";
				CLANG_CXX_LIBRARY = "libc++";
				CLANG_ENABLE_MODULES = YES;
				CLANG_ENABLE_OBJC_ARC = YES;
				CLANG_WARN_BOOL_CONVERSION = YES;
				CLANG_WARN_CONSTANT_CONVERSION = YES;
				CLANG_WARN_DIRECT_OBJC_ISA_USAGE = YES_ERROR;
				CLANG_WARN_EMPTY_BODY = YES;
				CLANG_WARN_ENUM_CONVERSION = YES;
				CLANG_WARN_INT_CONVERSION = YES;
				CLANG_WARN_OBJC_ROOT_CLASS = YES_ERROR;
				CLANG_WARN_UNREACHABLE_CODE = YES;
				CLANG_WARN__DUPLICATE_METHOD_MATCH = YES;
				"CODE_SIGN_IDENTITY[sdk=iphoneos*]" = "iPhone Developer";
				COPY_PHASE_STRIP = NO;
				DEBUG_INFORMATION_FORMAT = dwarf;
				ENABLE_STRICT_OBJC_MSGSEND = YES;
				ENABLE_TESTABILITY = YES;
				GCC_C_LANGUAGE_STANDARD = gnu99;
				GCC_DYNAMIC_NO_PIC = NO;
				GCC_NO_COMMON_BLOCKS = YES;
				GCC_OPTIMIZATION_LEVEL = 0;
				GCC_PREPROCESSOR_DEFINITIONS = (
					"DEBUG=1",
					"$(inherited)",
				);
				GCC_WARN_64_TO_32_BIT_CONVERSION = YES;
				GCC_WARN_ABOUT_RETURN_TYPE = YES_ERROR;
				GCC_WARN_UNDECLARED_SELECTOR = YES;
				GCC_WARN_UNINITIALIZED_AUTOS = YES_AGGRESSIVE;
				GCC_WARN_UNUSED_FUNCTION = YES;
				GCC_WARN_UNUSED_VARIABLE = YES;
				IPHONEOS_DEPLOYMENT_TARGET = 9.2;
				MTL_ENABLE_DEBUG_INFO = YES;
				ONLY_ACTIVE_ARCH = YES;
				SDKROOT = iphoneos;
				SWIFT_OPTIMIZATION_LEVEL = "-Onone";
			};
			name = Debug;
		};
		276B881D1C8C06A100F0B1FD /* Release */ = {
			isa = XCBuildConfiguration;
			buildSettings = {
				ALWAYS_SEARCH_USER_PATHS = NO;
				CLANG_CXX_LANGUAGE_STANDARD = "gnu++0x";
				CLANG_CXX_LIBRARY = "libc++";
				CLANG_ENABLE_MODULES = YES;
				CLANG_ENABLE_OBJC_ARC = YES;
				CLANG_WARN_BOOL_CONVERSION = YES;
				CLANG_WARN_CONSTANT_CONVERSION = YES;
				CLANG_WARN_DIRECT_OBJC_ISA_USAGE = YES_ERROR;
				CLANG_WARN_EMPTY_BODY = YES;
				CLANG_WARN_ENUM_CONVERSION = YES;
				CLANG_WARN_INT_CONVERSION = YES;
				CLANG_WARN_OBJC_ROOT_CLASS = YES_ERROR;
				CLANG_WARN_UNREACHABLE_CODE = YES;
				CLANG_WARN__DUPLICATE_METHOD_MATCH = YES;
				"CODE_SIGN_IDENTITY[sdk=iphoneos*]" = "iPhone Developer";
				COPY_PHASE_STRIP = NO;
				DEBUG_INFORMATION_FORMAT = "dwarf-with-dsym";
				ENABLE_NS_ASSERTIONS = NO;
				ENABLE_STRICT_OBJC_MSGSEND = YES;
				GCC_C_LANGUAGE_STANDARD = gnu99;
				GCC_NO_COMMON_BLOCKS = YES;
				GCC_WARN_64_TO_32_BIT_CONVERSION = YES;
				GCC_WARN_ABOUT_RETURN_TYPE = YES_ERROR;
				GCC_WARN_UNDECLARED_SELECTOR = YES;
				GCC_WARN_UNINITIALIZED_AUTOS = YES_AGGRESSIVE;
				GCC_WARN_UNUSED_FUNCTION = YES;
				GCC_WARN_UNUSED_VARIABLE = YES;
				IPHONEOS_DEPLOYMENT_TARGET = 9.2;
				MTL_ENABLE_DEBUG_INFO = NO;
				SDKROOT = iphoneos;
				VALIDATE_PRODUCT = YES;
			};
			name = Release;
		};
		276B881F1C8C06A100F0B1FD /* Debug */ = {
			isa = XCBuildConfiguration;
			buildSettings = {
				ASSETCATALOG_COMPILER_APPICON_NAME = AppIcon;
				INFOPLIST_FILE = LittleMonsters/Info.plist;
				LD_RUNPATH_SEARCH_PATHS = "$(inherited) @executable_path/Frameworks";
				PRODUCT_BUNDLE_IDENTIFIER = com.coder.otto.LittleMonsters;
				PRODUCT_NAME = "$(TARGET_NAME)";
			};
			name = Debug;
		};
		276B88201C8C06A100F0B1FD /* Release */ = {
			isa = XCBuildConfiguration;
			buildSettings = {
				ASSETCATALOG_COMPILER_APPICON_NAME = AppIcon;
				INFOPLIST_FILE = LittleMonsters/Info.plist;
				LD_RUNPATH_SEARCH_PATHS = "$(inherited) @executable_path/Frameworks";
				PRODUCT_BUNDLE_IDENTIFIER = com.coder.otto.LittleMonsters;
				PRODUCT_NAME = "$(TARGET_NAME)";
			};
			name = Release;
		};
/* End XCBuildConfiguration section */

/* Begin XCConfigurationList section */
		276B88071C8C06A100F0B1FD /* Build configuration list for PBXProject "LittleMonsters" */ = {
			isa = XCConfigurationList;
			buildConfigurations = (
				276B881C1C8C06A100F0B1FD /* Debug */,
				276B881D1C8C06A100F0B1FD /* Release */,
			);
			defaultConfigurationIsVisible = 0;
			defaultConfigurationName = Release;
		};
		276B881E1C8C06A100F0B1FD /* Build configuration list for PBXNativeTarget "LittleMonsters" */ = {
			isa = XCConfigurationList;
			buildConfigurations = (
				276B881F1C8C06A100F0B1FD /* Debug */,
				276B88201C8C06A100F0B1FD /* Release */,
			);
			defaultConfigurationIsVisible = 0;
		};
/* End XCConfigurationList section */
	};
	rootObject = 276B88041C8C06A100F0B1FD /* Project object */;
}
